
Microsoft Visual Studio Solution File, Format Version 12.00
# Visual Studio Version 17
VisualStudioVersion = 17.7.34009.444
MinimumVisualStudioVersion = 10.0.40219.1
Project("{FAE04EC0-301F-11D3-BF4B-00C04F79EFBC}") = "HotelListingAPI", "HotelListingAPI.csproj", "{FCC65BAA-407C-4257-9483-F7BC6A753545}"
EndProject
Project("{FAE04EC0-301F-11D3-BF4B-00C04F79EFBC}") = "HotelListingMinimalAPI", "..\HotelListingMinimalAPI\HotelListingMinimalAPI.csproj", "{02DFEBA2-5D24-4E32-B065-39451E497065}"
EndProject
Global
	GlobalSection(SolutionConfigurationPlatforms) = preSolution
		Debug|Any CPU = Debug|Any CPU
		Release|Any CPU = Release|Any CPU
	EndGlobalSection
	GlobalSection(ProjectConfigurationPlatforms) = postSolution
		{FCC65BAA-407C-4257-9483-F7BC6A753545}.Debug|Any CPU.ActiveCfg = Debug|Any CPU
		{FCC65BAA-407C-4257-9483-F7BC6A753545}.Debug|Any CPU.Build.0 = Debug|Any CPU
		{FCC65BAA-407C-4257-9483-F7BC6A753545}.Release|Any CPU.ActiveCfg = Release|Any CPU
		{FCC65BAA-407C-4257-9483-F7BC6A753545}.Release|Any CPU.Build.0 = Release|Any CPU
		{02DFEBA2-5D24-4E32-B065-39451E497065}.Debug|Any CPU.ActiveCfg = Debug|Any CPU
		{02DFEBA2-5D24-4E32-B065-39451E497065}.Debug|Any CPU.Build.0 = Debug|Any CPU
		{02DFEBA2-5D24-4E32-B065-39451E497065}.Release|Any CPU.ActiveCfg = Release|Any CPU
		{02DFEBA2-5D24-4E32-B065-39451E497065}.Release|Any CPU.Build.0 = Release|Any CPU
	EndGlobalSection
	GlobalSection(SolutionProperties) = preSolution
		HideSolutionNode = FALSE
	EndGlobalSection
	GlobalSection(ExtensibilityGlobals) = postSolution
		SolutionGuid = {B482601D-704C-46EA-AC90-319953E585B7}
	EndGlobalSection
EndGlobal
